
Microsoft Visual Studio Solution File, Format Version 12.00
# Visual Studio Version 17
VisualStudioVersion = 17.1.32210.238
MinimumVisualStudioVersion = 10.0.40219.1
Project("{8BC9CEB8-8B4A-11D0-8D11-00A0C91BC942}") = "bilibili", "bilibili\bilibili.vcxproj", "{B6FBBFBA-F5A3-4497-896E-0E433CDE758B}"
EndProject
Project("{8BC9CEB8-8B4A-11D0-8D11-00A0C91BC942}") = "字符串封装", "字符串封装\字符串封装.vcxproj", "{1FBC029F-C87C-4B1C-99AB-2CBE59CD8D32}"
EndProject
Project("{8BC9CEB8-8B4A-11D0-8D11-00A0C91BC942}") = "多态计算器案例", "多态计算器案例\多态计算器案例.vcxproj", "{7D08681E-1B96-4CFD-8A50-FB7D95F9E61D}"
EndProject
Project("{8BC9CEB8-8B4A-11D0-8D11-00A0C91BC942}") = "多态游戏案例", "多态游戏案例\多态游戏案例.vcxproj", "{FCBF4FF7-1BC9-48DA-8E1E-F99B9F12A86D}"
EndProject
Project("{8BC9CEB8-8B4A-11D0-8D11-00A0C91BC942}") = "STL综合案例", "STL综合案例\STL综合案例.vcxproj", "{A526993D-D1D5-473B-AA69-F0A711009C32}"
EndProject
Project("{2150E333-8FDC-42A3-9474-1A3956D46DE8}") = "bilibili_study", "bilibili_study", "{610EF0CE-E72C-443C-9511-1A122252E4D7}"
EndProject
Project("{8BC9CEB8-8B4A-11D0-8D11-00A0C91BC942}") = "贪吃蛇案例", "贪吃蛇案例\贪吃蛇案例.vcxproj", "{30960F58-EB34-404D-A53E-9AE893EC9194}"
EndProject
Project("{8BC9CEB8-8B4A-11D0-8D11-00A0C91BC942}") = "Leetcode", "Leetcode\Leetcode.vcxproj", "{FE2E0594-1B90-47B8-96AB-A75BF73FDEB7}"
EndProject
Project("{2150E333-8FDC-42A3-9474-1A3956D46DE8}") = "Json", "Json", "{A9367501-78C7-4262-AF3B-088D140A9BCB}"
EndProject
Project("{8BC9CEB8-8B4A-11D0-8D11-00A0C91BC942}") = "Json_Study", "JSON\Json_Study\Json_Study.vcxproj", "{DD0393D9-5D9E-4E67-89AF-213A438C99AA}"
EndProject
Project("{8BC9CEB8-8B4A-11D0-8D11-00A0C91BC942}") = "TestFolly", "my_folly\TestFolly\TestFolly.vcxproj", "{6FADA3DC-DFBD-4DC9-80D4-3E8123843F0B}"
EndProject
Project("{2150E333-8FDC-42A3-9474-1A3956D46DE8}") = "Folly", "Folly", "{4A417FFF-6793-4630-A620-782113DF0F17}"
EndProject
Project("{8BC9CEB8-8B4A-11D0-8D11-00A0C91BC942}") = "MyFolly", "my_folly\MyFolly\MyFolly.vcxproj", "{A4538C3A-1DEE-4C3C-9ABB-BF6A6982D8D3}"
EndProject
Project("{2150E333-8FDC-42A3-9474-1A3956D46DE8}") = "MyTinyStl", "MyTinyStl", "{A8D6F774-B6E8-4FE2-ACB5-115F6F993F27}"
EndProject
Project("{8BC9CEB8-8B4A-11D0-8D11-00A0C91BC942}") = "mystl", "MyTinySTL\mystl\mystl.vcxproj", "{4B902F5C-A051-4117-9A83-EDDC7E883283}"
EndProject
Project("{8BC9CEB8-8B4A-11D0-8D11-00A0C91BC942}") = "TestMySTL", "MyTinySTL\TestMySTL\TestMySTL.vcxproj", "{6748E5E5-D927-453E-A9E2-D4F229B77541}"
EndProject
Project("{2150E333-8FDC-42A3-9474-1A3956D46DE8}") = "min_project", "min_project", "{8D2329F5-CAB3-457E-8A06-E91707DC929B}"
EndProject
Project("{8BC9CEB8-8B4A-11D0-8D11-00A0C91BC942}") = "CSModePros", "mini_project\CSModePros\CSModePros.vcxproj", "{327C7A2D-6C3A-4C2C-82CB-B855443C9899}"
EndProject
Project("{8BC9CEB8-8B4A-11D0-8D11-00A0C91BC942}") = "PortScannerTool", "mini_project\PortScannerTool\PortScannerTool.vcxproj", "{2FAB541E-C76E-4FE6-B8C3-01BD9E296E4C}"
EndProject
Project("{8BC9CEB8-8B4A-11D0-8D11-00A0C91BC942}") = "Programming Windows", "Programming Windows\Programming Windows.vcxproj", "{F9756D67-9F0B-4AB9-92A6-239EA9A21506}"
EndProject
Global
	GlobalSection(SolutionConfigurationPlatforms) = preSolution
		Debug|x64 = Debug|x64
		Debug|x86 = Debug|x86
		Release|x64 = Release|x64
		Release|x86 = Release|x86
	EndGlobalSection
	GlobalSection(ProjectConfigurationPlatforms) = postSolution
		{B6FBBFBA-F5A3-4497-896E-0E433CDE758B}.Debug|x64.ActiveCfg = Debug|x64
		{B6FBBFBA-F5A3-4497-896E-0E433CDE758B}.Debug|x64.Build.0 = Debug|x64
		{B6FBBFBA-F5A3-4497-896E-0E433CDE758B}.Debug|x86.ActiveCfg = Debug|Win32
		{B6FBBFBA-F5A3-4497-896E-0E433CDE758B}.Debug|x86.Build.0 = Debug|Win32
		{B6FBBFBA-F5A3-4497-896E-0E433CDE758B}.Release|x64.ActiveCfg = Release|x64
		{B6FBBFBA-F5A3-4497-896E-0E433CDE758B}.Release|x64.Build.0 = Release|x64
		{B6FBBFBA-F5A3-4497-896E-0E433CDE758B}.Release|x86.ActiveCfg = Release|Win32
		{B6FBBFBA-F5A3-4497-896E-0E433CDE758B}.Release|x86.Build.0 = Release|Win32
		{1FBC029F-C87C-4B1C-99AB-2CBE59CD8D32}.Debug|x64.ActiveCfg = Debug|x64
		{1FBC029F-C87C-4B1C-99AB-2CBE59CD8D32}.Debug|x64.Build.0 = Debug|x64
		{1FBC029F-C87C-4B1C-99AB-2CBE59CD8D32}.Debug|x86.ActiveCfg = Debug|Win32
		{1FBC029F-C87C-4B1C-99AB-2CBE59CD8D32}.Debug|x86.Build.0 = Debug|Win32
		{1FBC029F-C87C-4B1C-99AB-2CBE59CD8D32}.Release|x64.ActiveCfg = Release|x64
		{1FBC029F-C87C-4B1C-99AB-2CBE59CD8D32}.Release|x64.Build.0 = Release|x64
		{1FBC029F-C87C-4B1C-99AB-2CBE59CD8D32}.Release|x86.ActiveCfg = Release|Win32
		{1FBC029F-C87C-4B1C-99AB-2CBE59CD8D32}.Release|x86.Build.0 = Release|Win32
		{7D08681E-1B96-4CFD-8A50-FB7D95F9E61D}.Debug|x64.ActiveCfg = Debug|x64
		{7D08681E-1B96-4CFD-8A50-FB7D95F9E61D}.Debug|x64.Build.0 = Debug|x64
		{7D08681E-1B96-4CFD-8A50-FB7D95F9E61D}.Debug|x86.ActiveCfg = Debug|Win32
		{7D08681E-1B96-4CFD-8A50-FB7D95F9E61D}.Debug|x86.Build.0 = Debug|Win32
		{7D08681E-1B96-4CFD-8A50-FB7D95F9E61D}.Release|x64.ActiveCfg = Release|x64
		{7D08681E-1B96-4CFD-8A50-FB7D95F9E61D}.Release|x64.Build.0 = Release|x64
		{7D08681E-1B96-4CFD-8A50-FB7D95F9E61D}.Release|x86.ActiveCfg = Release|Win32
		{7D08681E-1B96-4CFD-8A50-FB7D95F9E61D}.Release|x86.Build.0 = Release|Win32
		{FCBF4FF7-1BC9-48DA-8E1E-F99B9F12A86D}.Debug|x64.ActiveCfg = Debug|x64
		{FCBF4FF7-1BC9-48DA-8E1E-F99B9F12A86D}.Debug|x64.Build.0 = Debug|x64
		{FCBF4FF7-1BC9-48DA-8E1E-F99B9F12A86D}.Debug|x86.ActiveCfg = Debug|Win32
		{FCBF4FF7-1BC9-48DA-8E1E-F99B9F12A86D}.Debug|x86.Build.0 = Debug|Win32
		{FCBF4FF7-1BC9-48DA-8E1E-F99B9F12A86D}.Release|x64.ActiveCfg = Release|x64
		{FCBF4FF7-1BC9-48DA-8E1E-F99B9F12A86D}.Release|x64.Build.0 = Release|x64
		{FCBF4FF7-1BC9-48DA-8E1E-F99B9F12A86D}.Release|x86.ActiveCfg = Release|Win32
		{FCBF4FF7-1BC9-48DA-8E1E-F99B9F12A86D}.Release|x86.Build.0 = Release|Win32
		{A526993D-D1D5-473B-AA69-F0A711009C32}.Debug|x64.ActiveCfg = Debug|x64
		{A526993D-D1D5-473B-AA69-F0A711009C32}.Debug|x64.Build.0 = Debug|x64
		{A526993D-D1D5-473B-AA69-F0A711009C32}.Debug|x86.ActiveCfg = Debug|Win32
		{A526993D-D1D5-473B-AA69-F0A711009C32}.Debug|x86.Build.0 = Debug|Win32
		{A526993D-D1D5-473B-AA69-F0A711009C32}.Release|x64.ActiveCfg = Release|x64
		{A526993D-D1D5-473B-AA69-F0A711009C32}.Release|x64.Build.0 = Release|x64
		{A526993D-D1D5-473B-AA69-F0A711009C32}.Release|x86.ActiveCfg = Release|Win32
		{A526993D-D1D5-473B-AA69-F0A711009C32}.Release|x86.Build.0 = Release|Win32
		{30960F58-EB34-404D-A53E-9AE893EC9194}.Debug|x64.ActiveCfg = Debug|x64
		{30960F58-EB34-404D-A53E-9AE893EC9194}.Debug|x64.Build.0 = Debug|x64
		{30960F58-EB34-404D-A53E-9AE893EC9194}.Debug|x86.ActiveCfg = Debug|Win32
		{30960F58-EB34-404D-A53E-9AE893EC9194}.Debug|x86.Build.0 = Debug|Win32
		{30960F58-EB34-404D-A53E-9AE893EC9194}.Release|x64.ActiveCfg = Release|x64
		{30960F58-EB34-404D-A53E-9AE893EC9194}.Release|x64.Build.0 = Release|x64
		{30960F58-EB34-404D-A53E-9AE893EC9194}.Release|x86.ActiveCfg = Release|Win32
		{30960F58-EB34-404D-A53E-9AE893EC9194}.Release|x86.Build.0 = Release|Win32
		{FE2E0594-1B90-47B8-96AB-A75BF73FDEB7}.Debug|x64.ActiveCfg = Debug|x64
		{FE2E0594-1B90-47B8-96AB-A75BF73FDEB7}.Debug|x64.Build.0 = Debug|x64
		{FE2E0594-1B90-47B8-96AB-A75BF73FDEB7}.Debug|x86.ActiveCfg = Debug|Win32
		{FE2E0594-1B90-47B8-96AB-A75BF73FDEB7}.Debug|x86.Build.0 = Debug|Win32
		{FE2E0594-1B90-47B8-96AB-A75BF73FDEB7}.Release|x64.ActiveCfg = Release|x64
		{FE2E0594-1B90-47B8-96AB-A75BF73FDEB7}.Release|x64.Build.0 = Release|x64
		{FE2E0594-1B90-47B8-96AB-A75BF73FDEB7}.Release|x86.ActiveCfg = Release|Win32
		{FE2E0594-1B90-47B8-96AB-A75BF73FDEB7}.Release|x86.Build.0 = Release|Win32
		{DD0393D9-5D9E-4E67-89AF-213A438C99AA}.Debug|x64.ActiveCfg = Debug|x64
		{DD0393D9-5D9E-4E67-89AF-213A438C99AA}.Debug|x64.Build.0 = Debug|x64
		{DD0393D9-5D9E-4E67-89AF-213A438C99AA}.Debug|x86.ActiveCfg = Debug|Win32
		{DD0393D9-5D9E-4E67-89AF-213A438C99AA}.Debug|x86.Build.0 = Debug|Win32
		{DD0393D9-5D9E-4E67-89AF-213A438C99AA}.Release|x64.ActiveCfg = Release|x64
		{DD0393D9-5D9E-4E67-89AF-213A438C99AA}.Release|x64.Build.0 = Release|x64
		{DD0393D9-5D9E-4E67-89AF-213A438C99AA}.Release|x86.ActiveCfg = Release|Win32
		{DD0393D9-5D9E-4E67-89AF-213A438C99AA}.Release|x86.Build.0 = Release|Win32
		{6FADA3DC-DFBD-4DC9-80D4-3E8123843F0B}.Debug|x64.ActiveCfg = Debug|x64
		{6FADA3DC-DFBD-4DC9-80D4-3E8123843F0B}.Debug|x64.Build.0 = Debug|x64
		{6FADA3DC-DFBD-4DC9-80D4-3E8123843F0B}.Debug|x86.ActiveCfg = Debug|Win32
		{6FADA3DC-DFBD-4DC9-80D4-3E8123843F0B}.Debug|x86.Build.0 = Debug|Win32
		{6FADA3DC-DFBD-4DC9-80D4-3E8123843F0B}.Release|x64.ActiveCfg = Release|x64
		{6FADA3DC-DFBD-4DC9-80D4-3E8123843F0B}.Release|x64.Build.0 = Release|x64
		{6FADA3DC-DFBD-4DC9-80D4-3E8123843F0B}.Release|x86.ActiveCfg = Release|Win32
		{6FADA3DC-DFBD-4DC9-80D4-3E8123843F0B}.Release|x86.Build.0 = Release|Win32
		{A4538C3A-1DEE-4C3C-9ABB-BF6A6982D8D3}.Debug|x64.ActiveCfg = Debug|x64
		{A4538C3A-1DEE-4C3C-9ABB-BF6A6982D8D3}.Debug|x64.Build.0 = Debug|x64
		{A4538C3A-1DEE-4C3C-9ABB-BF6A6982D8D3}.Debug|x86.ActiveCfg = Debug|Win32
		{A4538C3A-1DEE-4C3C-9ABB-BF6A6982D8D3}.Debug|x86.Build.0 = Debug|Win32
		{A4538C3A-1DEE-4C3C-9ABB-BF6A6982D8D3}.Release|x64.ActiveCfg = Release|x64
		{A4538C3A-1DEE-4C3C-9ABB-BF6A6982D8D3}.Release|x64.Build.0 = Release|x64
		{A4538C3A-1DEE-4C3C-9ABB-BF6A6982D8D3}.Release|x86.ActiveCfg = Release|Win32
		{A4538C3A-1DEE-4C3C-9ABB-BF6A6982D8D3}.Release|x86.Build.0 = Release|Win32
		{4B902F5C-A051-4117-9A83-EDDC7E883283}.Debug|x64.ActiveCfg = Debug|x64
		{4B902F5C-A051-4117-9A83-EDDC7E883283}.Debug|x64.Build.0 = Debug|x64
		{4B902F5C-A051-4117-9A83-EDDC7E883283}.Debug|x86.ActiveCfg = Debug|Win32
		{4B902F5C-A051-4117-9A83-EDDC7E883283}.Debug|x86.Build.0 = Debug|Win32
		{4B902F5C-A051-4117-9A83-EDDC7E883283}.Release|x64.ActiveCfg = Release|x64
		{4B902F5C-A051-4117-9A83-EDDC7E883283}.Release|x64.Build.0 = Release|x64
		{4B902F5C-A051-4117-9A83-EDDC7E883283}.Release|x86.ActiveCfg = Release|Win32
		{4B902F5C-A051-4117-9A83-EDDC7E883283}.Release|x86.Build.0 = Release|Win32
		{6748E5E5-D927-453E-A9E2-D4F229B77541}.Debug|x64.ActiveCfg = Debug|x64
		{6748E5E5-D927-453E-A9E2-D4F229B77541}.Debug|x64.Build.0 = Debug|x64
		{6748E5E5-D927-453E-A9E2-D4F229B77541}.Debug|x86.ActiveCfg = Debug|Win32
		{6748E5E5-D927-453E-A9E2-D4F229B77541}.Debug|x86.Build.0 = Debug|Win32
		{6748E5E5-D927-453E-A9E2-D4F229B77541}.Release|x64.ActiveCfg = Release|x64
		{6748E5E5-D927-453E-A9E2-D4F229B77541}.Release|x64.Build.0 = Release|x64
		{6748E5E5-D927-453E-A9E2-D4F229B77541}.Release|x86.ActiveCfg = Release|Win32
		{6748E5E5-D927-453E-A9E2-D4F229B77541}.Release|x86.Build.0 = Release|Win32
		{327C7A2D-6C3A-4C2C-82CB-B855443C9899}.Debug|x64.ActiveCfg = Debug|x64
		{327C7A2D-6C3A-4C2C-82CB-B855443C9899}.Debug|x64.Build.0 = Debug|x64
		{327C7A2D-6C3A-4C2C-82CB-B855443C9899}.Debug|x86.ActiveCfg = Debug|Win32
		{327C7A2D-6C3A-4C2C-82CB-B855443C9899}.Debug|x86.Build.0 = Debug|Win32
		{327C7A2D-6C3A-4C2C-82CB-B855443C9899}.Release|x64.ActiveCfg = Release|x64
		{327C7A2D-6C3A-4C2C-82CB-B855443C9899}.Release|x64.Build.0 = Release|x64
		{327C7A2D-6C3A-4C2C-82CB-B855443C9899}.Release|x86.ActiveCfg = Release|Win32
		{327C7A2D-6C3A-4C2C-82CB-B855443C9899}.Release|x86.Build.0 = Release|Win32
		{2FAB541E-C76E-4FE6-B8C3-01BD9E296E4C}.Debug|x64.ActiveCfg = Debug|x64
		{2FAB541E-C76E-4FE6-B8C3-01BD9E296E4C}.Debug|x64.Build.0 = Debug|x64
		{2FAB541E-C76E-4FE6-B8C3-01BD9E296E4C}.Debug|x86.ActiveCfg = Debug|Win32
		{2FAB541E-C76E-4FE6-B8C3-01BD9E296E4C}.Debug|x86.Build.0 = Debug|Win32
		{2FAB541E-C76E-4FE6-B8C3-01BD9E296E4C}.Release|x64.ActiveCfg = Release|x64
		{2FAB541E-C76E-4FE6-B8C3-01BD9E296E4C}.Release|x64.Build.0 = Release|x64
		{2FAB541E-C76E-4FE6-B8C3-01BD9E296E4C}.Release|x86.ActiveCfg = Release|Win32
		{2FAB541E-C76E-4FE6-B8C3-01BD9E296E4C}.Release|x86.Build.0 = Release|Win32
		{F9756D67-9F0B-4AB9-92A6-239EA9A21506}.Debug|x64.ActiveCfg = Debug|x64
		{F9756D67-9F0B-4AB9-92A6-239EA9A21506}.Debug|x64.Build.0 = Debug|x64
		{F9756D67-9F0B-4AB9-92A6-239EA9A21506}.Debug|x86.ActiveCfg = Debug|Win32
		{F9756D67-9F0B-4AB9-92A6-239EA9A21506}.Debug|x86.Build.0 = Debug|Win32
		{F9756D67-9F0B-4AB9-92A6-239EA9A21506}.Release|x64.ActiveCfg = Release|x64
		{F9756D67-9F0B-4AB9-92A6-239EA9A21506}.Release|x64.Build.0 = Release|x64
		{F9756D67-9F0B-4AB9-92A6-239EA9A21506}.Release|x86.ActiveCfg = Release|Win32
		{F9756D67-9F0B-4AB9-92A6-239EA9A21506}.Release|x86.Build.0 = Release|Win32
	EndGlobalSection
	GlobalSection(SolutionProperties) = preSolution
		HideSolutionNode = FALSE
	EndGlobalSection
	GlobalSection(NestedProjects) = preSolution
		{B6FBBFBA-F5A3-4497-896E-0E433CDE758B} = {610EF0CE-E72C-443C-9511-1A122252E4D7}
		{1FBC029F-C87C-4B1C-99AB-2CBE59CD8D32} = {610EF0CE-E72C-443C-9511-1A122252E4D7}
		{7D08681E-1B96-4CFD-8A50-FB7D95F9E61D} = {610EF0CE-E72C-443C-9511-1A122252E4D7}
		{FCBF4FF7-1BC9-48DA-8E1E-F99B9F12A86D} = {610EF0CE-E72C-443C-9511-1A122252E4D7}
		{A526993D-D1D5-473B-AA69-F0A711009C32} = {610EF0CE-E72C-443C-9511-1A122252E4D7}
		{30960F58-EB34-404D-A53E-9AE893EC9194} = {610EF0CE-E72C-443C-9511-1A122252E4D7}
		{DD0393D9-5D9E-4E67-89AF-213A438C99AA} = {A9367501-78C7-4262-AF3B-088D140A9BCB}
		{6FADA3DC-DFBD-4DC9-80D4-3E8123843F0B} = {4A417FFF-6793-4630-A620-782113DF0F17}
		{A4538C3A-1DEE-4C3C-9ABB-BF6A6982D8D3} = {4A417FFF-6793-4630-A620-782113DF0F17}
		{4B902F5C-A051-4117-9A83-EDDC7E883283} = {A8D6F774-B6E8-4FE2-ACB5-115F6F993F27}
		{6748E5E5-D927-453E-A9E2-D4F229B77541} = {A8D6F774-B6E8-4FE2-ACB5-115F6F993F27}
		{327C7A2D-6C3A-4C2C-82CB-B855443C9899} = {8D2329F5-CAB3-457E-8A06-E91707DC929B}
		{2FAB541E-C76E-4FE6-B8C3-01BD9E296E4C} = {8D2329F5-CAB3-457E-8A06-E91707DC929B}
	EndGlobalSection
	GlobalSection(ExtensibilityGlobals) = postSolution
		SolutionGuid = {3A9D97DF-6842-411B-9242-94DC8C6FA196}
	EndGlobalSection
EndGlobal
