
Microsoft Visual Studio Solution File, Format Version 12.00
# Visual Studio Version 17
VisualStudioVersion = 17.1.32210.238
MinimumVisualStudioVersion = 10.0.40219.1
Project("{8BC9CEB8-8B4A-11D0-8D11-00A0C91BC942}") = "bilibili", "bilibili\bilibili.vcxproj", "{B6FBBFBA-F5A3-4497-896E-0E433CDE758B}"
EndProject
Project("{8BC9CEB8-8B4A-11D0-8D11-00A0C91BC942}") = "字符串封装", "字符串封装\字符串封装.vcxproj", "{1FBC029F-C87C-4B1C-99AB-2CBE59CD8D32}"
EndProject
Project("{8BC9CEB8-8B4A-11D0-8D11-00A0C91BC942}") = "多态计算器案例", "多态计算器案例\多态计算器案例.vcxproj", "{7D08681E-1B96-4CFD-8A50-FB7D95F9E61D}"
EndProject
Project("{8BC9CEB8-8B4A-11D0-8D11-00A0C91BC942}") = "多态游戏案例", "多态游戏案例\多态游戏案例.vcxproj", "{FCBF4FF7-1BC9-48DA-8E1E-F99B9F12A86D}"
EndProject
Project("{8BC9CEB8-8B4A-11D0-8D11-00A0C91BC942}") = "STL综合案例", "STL综合案例\STL综合案例.vcxproj", "{A526993D-D1D5-473B-AA69-F0A711009C32}"
EndProject
Project("{2150E333-8FDC-42A3-9474-1A3956D46DE8}") = "bilibili_study", "bilibili_study", "{610EF0CE-E72C-443C-9511-1A122252E4D7}"
EndProject
Global
	GlobalSection(SolutionConfigurationPlatforms) = preSolution
		Debug|x64 = Debug|x64
		Debug|x86 = Debug|x86
		Release|x64 = Release|x64
		Release|x86 = Release|x86
	EndGlobalSection
	GlobalSection(ProjectConfigurationPlatforms) = postSolution
		{B6FBBFBA-F5A3-4497-896E-0E433CDE758B}.Debug|x64.ActiveCfg = Debug|x64
		{B6FBBFBA-F5A3-4497-896E-0E433CDE758B}.Debug|x64.Build.0 = Debug|x64
		{B6FBBFBA-F5A3-4497-896E-0E433CDE758B}.Debug|x86.ActiveCfg = Debug|Win32
		{B6FBBFBA-F5A3-4497-896E-0E433CDE758B}.Debug|x86.Build.0 = Debug|Win32
		{B6FBBFBA-F5A3-4497-896E-0E433CDE758B}.Release|x64.ActiveCfg = Release|x64
		{B6FBBFBA-F5A3-4497-896E-0E433CDE758B}.Release|x64.Build.0 = Release|x64
		{B6FBBFBA-F5A3-4497-896E-0E433CDE758B}.Release|x86.ActiveCfg = Release|Win32
		{B6FBBFBA-F5A3-4497-896E-0E433CDE758B}.Release|x86.Build.0 = Release|Win32
		{1FBC029F-C87C-4B1C-99AB-2CBE59CD8D32}.Debug|x64.ActiveCfg = Debug|x64
		{1FBC029F-C87C-4B1C-99AB-2CBE59CD8D32}.Debug|x64.Build.0 = Debug|x64
		{1FBC029F-C87C-4B1C-99AB-2CBE59CD8D32}.Debug|x86.ActiveCfg = Debug|Win32
		{1FBC029F-C87C-4B1C-99AB-2CBE59CD8D32}.Debug|x86.Build.0 = Debug|Win32
		{1FBC029F-C87C-4B1C-99AB-2CBE59CD8D32}.Release|x64.ActiveCfg = Release|x64
		{1FBC029F-C87C-4B1C-99AB-2CBE59CD8D32}.Release|x64.Build.0 = Release|x64
		{1FBC029F-C87C-4B1C-99AB-2CBE59CD8D32}.Release|x86.ActiveCfg = Release|Win32
		{1FBC029F-C87C-4B1C-99AB-2CBE59CD8D32}.Release|x86.Build.0 = Release|Win32
		{7D08681E-1B96-4CFD-8A50-FB7D95F9E61D}.Debug|x64.ActiveCfg = Debug|x64
		{7D08681E-1B96-4CFD-8A50-FB7D95F9E61D}.Debug|x64.Build.0 = Debug|x64
		{7D08681E-1B96-4CFD-8A50-FB7D95F9E61D}.Debug|x86.ActiveCfg = Debug|Win32
		{7D08681E-1B96-4CFD-8A50-FB7D95F9E61D}.Debug|x86.Build.0 = Debug|Win32
		{7D08681E-1B96-4CFD-8A50-FB7D95F9E61D}.Release|x64.ActiveCfg = Release|x64
		{7D08681E-1B96-4CFD-8A50-FB7D95F9E61D}.Release|x64.Build.0 = Release|x64
		{7D08681E-1B96-4CFD-8A50-FB7D95F9E61D}.Release|x86.ActiveCfg = Release|Win32
		{7D08681E-1B96-4CFD-8A50-FB7D95F9E61D}.Release|x86.Build.0 = Release|Win32
		{FCBF4FF7-1BC9-48DA-8E1E-F99B9F12A86D}.Debug|x64.ActiveCfg = Debug|x64
		{FCBF4FF7-1BC9-48DA-8E1E-F99B9F12A86D}.Debug|x64.Build.0 = Debug|x64
		{FCBF4FF7-1BC9-48DA-8E1E-F99B9F12A86D}.Debug|x86.ActiveCfg = Debug|Win32
		{FCBF4FF7-1BC9-48DA-8E1E-F99B9F12A86D}.Debug|x86.Build.0 = Debug|Win32
		{FCBF4FF7-1BC9-48DA-8E1E-F99B9F12A86D}.Release|x64.ActiveCfg = Release|x64
		{FCBF4FF7-1BC9-48DA-8E1E-F99B9F12A86D}.Release|x64.Build.0 = Release|x64
		{FCBF4FF7-1BC9-48DA-8E1E-F99B9F12A86D}.Release|x86.ActiveCfg = Release|Win32
		{FCBF4FF7-1BC9-48DA-8E1E-F99B9F12A86D}.Release|x86.Build.0 = Release|Win32
		{A526993D-D1D5-473B-AA69-F0A711009C32}.Debug|x64.ActiveCfg = Debug|x64
		{A526993D-D1D5-473B-AA69-F0A711009C32}.Debug|x64.Build.0 = Debug|x64
		{A526993D-D1D5-473B-AA69-F0A711009C32}.Debug|x86.ActiveCfg = Debug|Win32
		{A526993D-D1D5-473B-AA69-F0A711009C32}.Debug|x86.Build.0 = Debug|Win32
		{A526993D-D1D5-473B-AA69-F0A711009C32}.Release|x64.ActiveCfg = Release|x64
		{A526993D-D1D5-473B-AA69-F0A711009C32}.Release|x64.Build.0 = Release|x64
		{A526993D-D1D5-473B-AA69-F0A711009C32}.Release|x86.ActiveCfg = Release|Win32
		{A526993D-D1D5-473B-AA69-F0A711009C32}.Release|x86.Build.0 = Release|Win32
	EndGlobalSection
	GlobalSection(SolutionProperties) = preSolution
		HideSolutionNode = FALSE
	EndGlobalSection
	GlobalSection(NestedProjects) = preSolution
		{B6FBBFBA-F5A3-4497-896E-0E433CDE758B} = {610EF0CE-E72C-443C-9511-1A122252E4D7}
		{1FBC029F-C87C-4B1C-99AB-2CBE59CD8D32} = {610EF0CE-E72C-443C-9511-1A122252E4D7}
		{7D08681E-1B96-4CFD-8A50-FB7D95F9E61D} = {610EF0CE-E72C-443C-9511-1A122252E4D7}
		{FCBF4FF7-1BC9-48DA-8E1E-F99B9F12A86D} = {610EF0CE-E72C-443C-9511-1A122252E4D7}
		{A526993D-D1D5-473B-AA69-F0A711009C32} = {610EF0CE-E72C-443C-9511-1A122252E4D7}
	EndGlobalSection
	GlobalSection(ExtensibilityGlobals) = postSolution
		SolutionGuid = {3A9D97DF-6842-411B-9242-94DC8C6FA196}
	EndGlobalSection
EndGlobal
