<?xml version="1.0" encoding="utf-8"?>
<Project ToolsVersion="4.0" xmlns="http://schemas.microsoft.com/developer/msbuild/2003">
  <ItemGroup>
    <Filter Include="源文件">
      <UniqueIdentifier>{4FC737F1-C7A5-4376-A066-2A32D752A2FF}</UniqueIdentifier>
      <Extensions>cpp;c;cc;cxx;c++;cppm;ixx;def;odl;idl;hpj;bat;asm;asmx</Extensions>
    </Filter>
    <Filter Include="头文件">
      <UniqueIdentifier>{93995380-89BD-4b04-88EB-625FBE52EBFB}</UniqueIdentifier>
      <Extensions>h;hh;hpp;hxx;h++;hm;inl;inc;ipp;xsd</Extensions>
    </Filter>
    <Filter Include="资源文件">
      <UniqueIdentifier>{67DA6AB6-F800-4c08-8B7A-83BB121AAD01}</UniqueIdentifier>
      <Extensions>rc;ico;cur;bmp;dlg;rc2;rct;bin;rgs;gif;jpg;jpeg;jpe;resx;tiff;tif;png;wav;mfcribbon-ms</Extensions>
    </Filter>
    <Filter Include="头文件\q1">
      <UniqueIdentifier>{6ba33fd8-e542-44e2-85bc-57c290117018}</UniqueIdentifier>
    </Filter>
    <Filter Include="头文件\q3">
      <UniqueIdentifier>{02866bb1-cca8-4c6e-bfff-63072d9945b6}</UniqueIdentifier>
    </Filter>
    <Filter Include="头文件\q4">
      <UniqueIdentifier>{3c38d780-5aa9-4459-9a37-5e9590a162be}</UniqueIdentifier>
    </Filter>
    <Filter Include="头文件\q5">
      <UniqueIdentifier>{91012525-aa56-4a40-ba46-c0af2e2855d8}</UniqueIdentifier>
    </Filter>
    <Filter Include="头文件\q6">
      <UniqueIdentifier>{f4e2b66f-b564-4f11-b43a-daf8bb482d9b}</UniqueIdentifier>
    </Filter>
    <Filter Include="头文件\q7">
      <UniqueIdentifier>{18bb73c8-cd5f-44f2-8994-c53c300adab1}</UniqueIdentifier>
    </Filter>
    <Filter Include="头文件\q8">
      <UniqueIdentifier>{9ec4cb48-fdd0-4af1-9696-2fc1130325db}</UniqueIdentifier>
    </Filter>
    <Filter Include="头文件\q9">
      <UniqueIdentifier>{9b760742-b496-4e5b-ba64-61d943049aee}</UniqueIdentifier>
    </Filter>
    <Filter Include="头文件\q10">
      <UniqueIdentifier>{3bb185a1-4f57-421d-9c63-28831fd53887}</UniqueIdentifier>
    </Filter>
    <Filter Include="头文件\q11">
      <UniqueIdentifier>{89c70ff3-24bf-486a-bb5d-c56fe00cd17d}</UniqueIdentifier>
    </Filter>
    <Filter Include="头文件\q12">
      <UniqueIdentifier>{57b07b14-6a84-47d7-8ca7-59d9d8cc3c40}</UniqueIdentifier>
    </Filter>
    <Filter Include="头文件\q13">
      <UniqueIdentifier>{b597d8d3-7bef-4f4c-88db-dc502214140c}</UniqueIdentifier>
    </Filter>
    <Filter Include="头文件\q2">
      <UniqueIdentifier>{76592d84-0c6a-4e00-90e3-8d543dab87eb}</UniqueIdentifier>
    </Filter>
    <Filter Include="头文件\q15">
      <UniqueIdentifier>{3d14ad61-f9d6-44ca-847a-bc79690d5008}</UniqueIdentifier>
    </Filter>
  </ItemGroup>
  <ItemGroup>
    <ClCompile Include="Leetcode.cpp">
      <Filter>源文件</Filter>
    </ClCompile>
  </ItemGroup>
  <ItemGroup>
    <ClInclude Include="q1\q1.hpp">
      <Filter>头文件\q1</Filter>
    </ClInclude>
    <ClInclude Include="q2.hpp">
      <Filter>头文件\q2</Filter>
    </ClInclude>
    <ClInclude Include="data_structure.hpp">
      <Filter>头文件</Filter>
    </ClInclude>
    <ClInclude Include="q3.hpp">
      <Filter>头文件\q3</Filter>
    </ClInclude>
    <ClInclude Include="q4.hpp">
      <Filter>头文件\q4</Filter>
    </ClInclude>
    <ClInclude Include="q5.hpp">
      <Filter>头文件\q5</Filter>
    </ClInclude>
    <ClInclude Include="q6.hpp">
      <Filter>头文件\q6</Filter>
    </ClInclude>
    <ClInclude Include="q7.hpp">
      <Filter>头文件\q7</Filter>
    </ClInclude>
    <ClInclude Include="q8.hpp">
      <Filter>头文件\q8</Filter>
    </ClInclude>
    <ClInclude Include="q9.hpp">
      <Filter>头文件\q9</Filter>
    </ClInclude>
    <ClInclude Include="q10.hpp">
      <Filter>头文件\q10</Filter>
    </ClInclude>
    <ClInclude Include="q11.hpp">
      <Filter>头文件\q11</Filter>
    </ClInclude>
    <ClInclude Include="q12.hpp">
      <Filter>头文件\q12</Filter>
    </ClInclude>
    <ClInclude Include="q13.hpp">
      <Filter>头文件\q13</Filter>
    </ClInclude>
    <ClInclude Include="q15.hpp">
      <Filter>头文件\q15</Filter>
    </ClInclude>
  </ItemGroup>
</Project>